// !$*UTF8*$!
{
	archiveVersion = 1;
	classes = {
	};
	objectVersion = 50;
	objects = {

/* Begin PBXBuildFile section */
		1EB2D74C20D2140900933CAF /* Transitions.swift in Sources */ = {isa = PBXBuildFile; fileRef = 1EB2D74B20D2140900933CAF /* Transitions.swift */; };
		1EB2D74E20D21D5500933CAF /* TransitionCoordinator.swift in Sources */ = {isa = PBXBuildFile; fileRef = 1EB2D74D20D21D5500933CAF /* TransitionCoordinator.swift */; };
		6A7D473D2F8EFF1D25A5E70E /* Pods_Eat_it.framework in Frameworks */ = {isa = PBXBuildFile; fileRef = 8A12B071FCA68E607B45F371 /* Pods_Eat_it.framework */; };
		6F10322720E886DC00AFBF36 /* DevInfoViewController.swift in Sources */ = {isa = PBXBuildFile; fileRef = 6F10322620E886DC00AFBF36 /* DevInfoViewController.swift */; };
		6F10322920E9B97F00AFBF36 /* GraphDetailViewController.swift in Sources */ = {isa = PBXBuildFile; fileRef = 6F10322820E9B97F00AFBF36 /* GraphDetailViewController.swift */; };
		6F10322B20E9BF4B00AFBF36 /* CustomCollectionViewCell.swift in Sources */ = {isa = PBXBuildFile; fileRef = 6F10322A20E9BF4B00AFBF36 /* CustomCollectionViewCell.swift */; };
		6F10322F20EA0ADC00AFBF36 /* TodayViewController.swift in Sources */ = {isa = PBXBuildFile; fileRef = 6F1B930B20D75F9B0011BA2A /* TodayViewController.swift */; };
		6F10323020EA0ADC00AFBF36 /* SupportExtension.swift in Sources */ = {isa = PBXBuildFile; fileRef = 6F1B932F20E0D3060011BA2A /* SupportExtension.swift */; };
		6F1AF1D020D0C5FC00147898 /* ThemeTableViewController.swift in Sources */ = {isa = PBXBuildFile; fileRef = 6F1AF1CF20D0C5FC00147898 /* ThemeTableViewController.swift */; };
		6F1AF1D220D0D6C800147898 /* CustomTableViewCell.swift in Sources */ = {isa = PBXBuildFile; fileRef = 6F1AF1D120D0D6C800147898 /* CustomTableViewCell.swift */; };
		6F1AF1D420D0E1BC00147898 /* ThemeData.swift in Sources */ = {isa = PBXBuildFile; fileRef = 6F1AF1D320D0E1BC00147898 /* ThemeData.swift */; };
		6F1AF1D620D23DB500147898 /* GraphTableViewController.swift in Sources */ = {isa = PBXBuildFile; fileRef = 6F1AF1D520D23DB500147898 /* GraphTableViewController.swift */; };
		6F1B930920D75F9B0011BA2A /* NotificationCenter.framework in Frameworks */ = {isa = PBXBuildFile; fileRef = 6F1B930820D75F9B0011BA2A /* NotificationCenter.framework */; };
		6F1B930F20D75F9B0011BA2A /* MainInterface.storyboard in Resources */ = {isa = PBXBuildFile; fileRef = 6F1B930D20D75F9B0011BA2A /* MainInterface.storyboard */; };
		6F1B932120D906CC0011BA2A /* Montserrat-SemiBold.ttf in Resources */ = {isa = PBXBuildFile; fileRef = 6F1B931F20D906CA0011BA2A /* Montserrat-SemiBold.ttf */; };
		6F1B932C20DA07F40011BA2A /* mealTime_morning.png in Resources */ = {isa = PBXBuildFile; fileRef = 6F1B932920DA07F30011BA2A /* mealTime_morning.png */; };
		6F1B932D20DA07F40011BA2A /* mealTime_noon.png in Resources */ = {isa = PBXBuildFile; fileRef = 6F1B932A20DA07F30011BA2A /* mealTime_noon.png */; };
		6F1B932E20DA07F40011BA2A /* mealTime_night.png in Resources */ = {isa = PBXBuildFile; fileRef = 6F1B932B20DA07F40011BA2A /* mealTime_night.png */; };
		6F1B933220E11F870011BA2A /* plusIcon.png in Resources */ = {isa = PBXBuildFile; fileRef = 6F1B933120E11F860011BA2A /* plusIcon.png */; };
		6F5077E320EA16AA00B113A9 /* LaunchScreen.storyboard in Resources */ = {isa = PBXBuildFile; fileRef = 6F5077E220EA16AA00B113A9 /* LaunchScreen.storyboard */; };
		6F5077E520EA171000B113A9 /* launchScreen.png in Resources */ = {isa = PBXBuildFile; fileRef = 6F5077E420EA171000B113A9 /* launchScreen.png */; };
		6F5077E720EA176000B113A9 /* background.png in Resources */ = {isa = PBXBuildFile; fileRef = 6F5077E620EA176000B113A9 /* background.png */; };
		6F5077E920EB193F00B113A9 /* TutorialImageViewController.swift in Sources */ = {isa = PBXBuildFile; fileRef = 6F5077E820EB193F00B113A9 /* TutorialImageViewController.swift */; };
		6F5077EB20EB19C200B113A9 /* TutorialPageViewController.swift in Sources */ = {isa = PBXBuildFile; fileRef = 6F5077EA20EB19C200B113A9 /* TutorialPageViewController.swift */; };
		6F5077ED20EB28B300B113A9 /* TutorialViewController.swift in Sources */ = {isa = PBXBuildFile; fileRef = 6F5077EC20EB28B300B113A9 /* TutorialViewController.swift */; };
		6F5077FB20EB831600B113A9 /* StoreKit.framework in Frameworks */ = {isa = PBXBuildFile; fileRef = 6F5077FA20EB831600B113A9 /* StoreKit.framework */; };
		6FABA5D920CE4297009DC835 /* SettingViewController.swift in Sources */ = {isa = PBXBuildFile; fileRef = 6FABA5D820CE4297009DC835 /* SettingViewController.swift */; };
		6FB4634320E5CF0D004D65C6 /* Eat-itTodayExtension.appex in Embed App Extensions */ = {isa = PBXBuildFile; fileRef = 6F1B930720D75F9A0011BA2A /* Eat-itTodayExtension.appex */; settings = {ATTRIBUTES = (RemoveHeadersOnCopy, ); }; };
		6FC46E1320C64DF800DAA40D /* AppDelegate.swift in Sources */ = {isa = PBXBuildFile; fileRef = 6FC46E1220C64DF800DAA40D /* AppDelegate.swift */; };
		6FC46E1520C64DF800DAA40D /* MainViewController.swift in Sources */ = {isa = PBXBuildFile; fileRef = 6FC46E1420C64DF800DAA40D /* MainViewController.swift */; };
		6FC46E1820C64DF800DAA40D /* Main.storyboard in Resources */ = {isa = PBXBuildFile; fileRef = 6FC46E1620C64DF800DAA40D /* Main.storyboard */; };
		6FC46E1A20C64DF900DAA40D /* Assets.xcassets in Resources */ = {isa = PBXBuildFile; fileRef = 6FC46E1920C64DF900DAA40D /* Assets.xcassets */; };
		6FC46E2D20C6565300DAA40D /* Post.swift in Sources */ = {isa = PBXBuildFile; fileRef = 6FC46E2C20C6565300DAA40D /* Post.swift */; };
		6FC46E3220C66B1E00DAA40D /* MealCell.swift in Sources */ = {isa = PBXBuildFile; fileRef = 6FC46E3120C66B1E00DAA40D /* MealCell.swift */; };
		6FC46E3420C66B2A00DAA40D /* DayCell.swift in Sources */ = {isa = PBXBuildFile; fileRef = 6FC46E3320C66B2A00DAA40D /* DayCell.swift */; };
		6FC46E3620C66B3100DAA40D /* PostCell.swift in Sources */ = {isa = PBXBuildFile; fileRef = 6FC46E3520C66B3100DAA40D /* PostCell.swift */; };
		6FC46E3820C6722700DAA40D /* Extension.swift in Sources */ = {isa = PBXBuildFile; fileRef = 6FC46E3720C6722700DAA40D /* Extension.swift */; };
		6FC46E3A20C8F76300DAA40D /* PostViewController.swift in Sources */ = {isa = PBXBuildFile; fileRef = 6FC46E3920C8F76300DAA40D /* PostViewController.swift */; };
/* End PBXBuildFile section */

/* Begin PBXContainerItemProxy section */
		6F1B931120D75F9B0011BA2A /* PBXContainerItemProxy */ = {
			isa = PBXContainerItemProxy;
			containerPortal = 6FC46E0720C64DF800DAA40D /* Project object */;
			proxyType = 1;
			remoteGlobalIDString = 6F1B930620D75F9A0011BA2A;
			remoteInfo = "Eat-itTodayExtension";
		};
/* End PBXContainerItemProxy section */

/* Begin PBXCopyFilesBuildPhase section */
		6FB4634420E5CF0D004D65C6 /* Embed App Extensions */ = {
			isa = PBXCopyFilesBuildPhase;
			buildActionMask = 2147483647;
			dstPath = "";
			dstSubfolderSpec = 13;
			files = (
				6FB4634320E5CF0D004D65C6 /* Eat-itTodayExtension.appex in Embed App Extensions */,
			);
			name = "Embed App Extensions";
			runOnlyForDeploymentPostprocessing = 0;
		};
		6FC46E2A20C6543C00DAA40D /* Embed Frameworks */ = {
			isa = PBXCopyFilesBuildPhase;
			buildActionMask = 2147483647;
			dstPath = "";
			dstSubfolderSpec = 10;
			files = (
			);
			name = "Embed Frameworks";
			runOnlyForDeploymentPostprocessing = 0;
		};
/* End PBXCopyFilesBuildPhase section */

/* Begin PBXFileReference section */
		1EB2D74B20D2140900933CAF /* Transitions.swift */ = {isa = PBXFileReference; lastKnownFileType = sourcecode.swift; path = Transitions.swift; sourceTree = "<group>"; };
		1EB2D74D20D21D5500933CAF /* TransitionCoordinator.swift */ = {isa = PBXFileReference; lastKnownFileType = sourcecode.swift; path = TransitionCoordinator.swift; sourceTree = "<group>"; };
		6F10322620E886DC00AFBF36 /* DevInfoViewController.swift */ = {isa = PBXFileReference; lastKnownFileType = sourcecode.swift; path = DevInfoViewController.swift; sourceTree = "<group>"; };
		6F10322820E9B97F00AFBF36 /* GraphDetailViewController.swift */ = {isa = PBXFileReference; lastKnownFileType = sourcecode.swift; path = GraphDetailViewController.swift; sourceTree = "<group>"; };
		6F10322A20E9BF4B00AFBF36 /* CustomCollectionViewCell.swift */ = {isa = PBXFileReference; lastKnownFileType = sourcecode.swift; path = CustomCollectionViewCell.swift; sourceTree = "<group>"; };
		6F1AF1CF20D0C5FC00147898 /* ThemeTableViewController.swift */ = {isa = PBXFileReference; lastKnownFileType = sourcecode.swift; path = ThemeTableViewController.swift; sourceTree = "<group>"; };
		6F1AF1D120D0D6C800147898 /* CustomTableViewCell.swift */ = {isa = PBXFileReference; lastKnownFileType = sourcecode.swift; name = CustomTableViewCell.swift; path = "Eat-it/View/CustomTableViewCell.swift"; sourceTree = SOURCE_ROOT; };
		6F1AF1D320D0E1BC00147898 /* ThemeData.swift */ = {isa = PBXFileReference; lastKnownFileType = sourcecode.swift; path = ThemeData.swift; sourceTree = "<group>"; };
		6F1AF1D520D23DB500147898 /* GraphTableViewController.swift */ = {isa = PBXFileReference; lastKnownFileType = sourcecode.swift; path = GraphTableViewController.swift; sourceTree = "<group>"; };
		6F1B930720D75F9A0011BA2A /* Eat-itTodayExtension.appex */ = {isa = PBXFileReference; explicitFileType = "wrapper.app-extension"; includeInIndex = 0; path = "Eat-itTodayExtension.appex"; sourceTree = BUILT_PRODUCTS_DIR; };
		6F1B930820D75F9B0011BA2A /* NotificationCenter.framework */ = {isa = PBXFileReference; lastKnownFileType = wrapper.framework; name = NotificationCenter.framework; path = System/Library/Frameworks/NotificationCenter.framework; sourceTree = SDKROOT; };
		6F1B930B20D75F9B0011BA2A /* TodayViewController.swift */ = {isa = PBXFileReference; lastKnownFileType = sourcecode.swift; path = TodayViewController.swift; sourceTree = "<group>"; };
		6F1B930E20D75F9B0011BA2A /* Base */ = {isa = PBXFileReference; lastKnownFileType = file.storyboard; name = Base; path = Base.lproj/MainInterface.storyboard; sourceTree = "<group>"; };
		6F1B931020D75F9B0011BA2A /* Info.plist */ = {isa = PBXFileReference; lastKnownFileType = text.plist.xml; path = Info.plist; sourceTree = "<group>"; };
		6F1B931D20D7E5CE0011BA2A /* Eat-itTodayExtension.entitlements */ = {isa = PBXFileReference; lastKnownFileType = text.plist.entitlements; path = "Eat-itTodayExtension.entitlements"; sourceTree = "<group>"; };
		6F1B931E20D7E5D50011BA2A /* Eat-it.entitlements */ = {isa = PBXFileReference; lastKnownFileType = text.plist.entitlements; path = "Eat-it.entitlements"; sourceTree = "<group>"; };
		6F1B931F20D906CA0011BA2A /* Montserrat-SemiBold.ttf */ = {isa = PBXFileReference; lastKnownFileType = file; path = "Montserrat-SemiBold.ttf"; sourceTree = "<group>"; };
		6F1B932920DA07F30011BA2A /* mealTime_morning.png */ = {isa = PBXFileReference; lastKnownFileType = image.png; path = mealTime_morning.png; sourceTree = "<group>"; };
		6F1B932A20DA07F30011BA2A /* mealTime_noon.png */ = {isa = PBXFileReference; lastKnownFileType = image.png; path = mealTime_noon.png; sourceTree = "<group>"; };
		6F1B932B20DA07F40011BA2A /* mealTime_night.png */ = {isa = PBXFileReference; lastKnownFileType = image.png; path = mealTime_night.png; sourceTree = "<group>"; };
		6F1B932F20E0D3060011BA2A /* SupportExtension.swift */ = {isa = PBXFileReference; lastKnownFileType = sourcecode.swift; path = SupportExtension.swift; sourceTree = "<group>"; };
		6F1B933120E11F860011BA2A /* plusIcon.png */ = {isa = PBXFileReference; lastKnownFileType = image.png; name = plusIcon.png; path = "Eat-it/Assets/Assets.xcassets/plusIcon.imageset/plusIcon.png"; sourceTree = SOURCE_ROOT; };
		6F5077E220EA16AA00B113A9 /* LaunchScreen.storyboard */ = {isa = PBXFileReference; lastKnownFileType = file.storyboard; path = LaunchScreen.storyboard; sourceTree = "<group>"; };
		6F5077E420EA171000B113A9 /* launchScreen.png */ = {isa = PBXFileReference; lastKnownFileType = image.png; path = launchScreen.png; sourceTree = "<group>"; };
		6F5077E620EA176000B113A9 /* background.png */ = {isa = PBXFileReference; lastKnownFileType = image.png; path = background.png; sourceTree = "<group>"; };
		6F5077E820EB193F00B113A9 /* TutorialImageViewController.swift */ = {isa = PBXFileReference; lastKnownFileType = sourcecode.swift; path = TutorialImageViewController.swift; sourceTree = "<group>"; };
		6F5077EA20EB19C200B113A9 /* TutorialPageViewController.swift */ = {isa = PBXFileReference; lastKnownFileType = sourcecode.swift; path = TutorialPageViewController.swift; sourceTree = "<group>"; };
		6F5077EC20EB28B300B113A9 /* TutorialViewController.swift */ = {isa = PBXFileReference; lastKnownFileType = sourcecode.swift; path = TutorialViewController.swift; sourceTree = "<group>"; };
		6F5077FA20EB831600B113A9 /* StoreKit.framework */ = {isa = PBXFileReference; lastKnownFileType = wrapper.framework; name = StoreKit.framework; path = System/Library/Frameworks/StoreKit.framework; sourceTree = SDKROOT; };
		6F5077FC20EB831B00B113A9 /* Realm.framework */ = {isa = PBXFileReference; explicitFileType = wrapper.framework; path = Realm.framework; sourceTree = BUILT_PRODUCTS_DIR; };
		6F5077FE20EB831B00B113A9 /* RealmSwift.framework */ = {isa = PBXFileReference; explicitFileType = wrapper.framework; path = RealmSwift.framework; sourceTree = BUILT_PRODUCTS_DIR; };
		6F50780020EB831B00B113A9 /* SnapKit.framework */ = {isa = PBXFileReference; explicitFileType = wrapper.framework; path = SnapKit.framework; sourceTree = BUILT_PRODUCTS_DIR; };
		6FABA5D820CE4297009DC835 /* SettingViewController.swift */ = {isa = PBXFileReference; lastKnownFileType = sourcecode.swift; path = SettingViewController.swift; sourceTree = "<group>"; };
		6FC46E0F20C64DF800DAA40D /* Eat-it.app */ = {isa = PBXFileReference; explicitFileType = wrapper.application; includeInIndex = 0; path = "Eat-it.app"; sourceTree = BUILT_PRODUCTS_DIR; };
		6FC46E1220C64DF800DAA40D /* AppDelegate.swift */ = {isa = PBXFileReference; lastKnownFileType = sourcecode.swift; path = AppDelegate.swift; sourceTree = "<group>"; };
		6FC46E1420C64DF800DAA40D /* MainViewController.swift */ = {isa = PBXFileReference; lastKnownFileType = sourcecode.swift; path = MainViewController.swift; sourceTree = "<group>"; };
		6FC46E1720C64DF800DAA40D /* Base */ = {isa = PBXFileReference; lastKnownFileType = file.storyboard; name = Base; path = Base.lproj/Main.storyboard; sourceTree = "<group>"; };
		6FC46E1920C64DF900DAA40D /* Assets.xcassets */ = {isa = PBXFileReference; lastKnownFileType = folder.assetcatalog; path = Assets.xcassets; sourceTree = "<group>"; };
		6FC46E1E20C64DF900DAA40D /* Info.plist */ = {isa = PBXFileReference; lastKnownFileType = text.plist.xml; path = Info.plist; sourceTree = "<group>"; };
		6FC46E2C20C6565300DAA40D /* Post.swift */ = {isa = PBXFileReference; lastKnownFileType = sourcecode.swift; path = Post.swift; sourceTree = "<group>"; };
		6FC46E3120C66B1E00DAA40D /* MealCell.swift */ = {isa = PBXFileReference; lastKnownFileType = sourcecode.swift; path = MealCell.swift; sourceTree = "<group>"; };
		6FC46E3320C66B2A00DAA40D /* DayCell.swift */ = {isa = PBXFileReference; lastKnownFileType = sourcecode.swift; path = DayCell.swift; sourceTree = "<group>"; };
		6FC46E3520C66B3100DAA40D /* PostCell.swift */ = {isa = PBXFileReference; lastKnownFileType = sourcecode.swift; path = PostCell.swift; sourceTree = "<group>"; };
		6FC46E3720C6722700DAA40D /* Extension.swift */ = {isa = PBXFileReference; lastKnownFileType = sourcecode.swift; path = Extension.swift; sourceTree = "<group>"; };
		6FC46E3920C8F76300DAA40D /* PostViewController.swift */ = {isa = PBXFileReference; lastKnownFileType = sourcecode.swift; path = PostViewController.swift; sourceTree = "<group>"; };
		8A12B071FCA68E607B45F371 /* Pods_Eat_it.framework */ = {isa = PBXFileReference; explicitFileType = wrapper.framework; includeInIndex = 0; path = Pods_Eat_it.framework; sourceTree = BUILT_PRODUCTS_DIR; };
		913763962DF64A28ADA8946D /* Pods-Eat-it.debug.xcconfig */ = {isa = PBXFileReference; includeInIndex = 1; lastKnownFileType = text.xcconfig; name = "Pods-Eat-it.debug.xcconfig"; path = "Pods/Target Support Files/Pods-Eat-it/Pods-Eat-it.debug.xcconfig"; sourceTree = "<group>"; };
		C7CF703FAF8B85C7927F6BAF /* Pods-Eat-it.release.xcconfig */ = {isa = PBXFileReference; includeInIndex = 1; lastKnownFileType = text.xcconfig; name = "Pods-Eat-it.release.xcconfig"; path = "Pods/Target Support Files/Pods-Eat-it/Pods-Eat-it.release.xcconfig"; sourceTree = "<group>"; };
/* End PBXFileReference section */

/* Begin PBXFrameworksBuildPhase section */
		6F1B930420D75F9A0011BA2A /* Frameworks */ = {
			isa = PBXFrameworksBuildPhase;
			buildActionMask = 2147483647;
			files = (
				6F1B930920D75F9B0011BA2A /* NotificationCenter.framework in Frameworks */,
			);
			runOnlyForDeploymentPostprocessing = 0;
		};
		6FC46E0C20C64DF800DAA40D /* Frameworks */ = {
			isa = PBXFrameworksBuildPhase;
			buildActionMask = 2147483647;
			files = (
				6F5077FB20EB831600B113A9 /* StoreKit.framework in Frameworks */,
				6A7D473D2F8EFF1D25A5E70E /* Pods_Eat_it.framework in Frameworks */,
			);
			runOnlyForDeploymentPostprocessing = 0;
		};
/* End PBXFrameworksBuildPhase section */

/* Begin PBXGroup section */
		08CB7AC6DBCD8F09AE54AEDC /* Frameworks */ = {
			isa = PBXGroup;
			children = (
				6F5077FC20EB831B00B113A9 /* Realm.framework */,
				6F5077FE20EB831B00B113A9 /* RealmSwift.framework */,
				6F50780020EB831B00B113A9 /* SnapKit.framework */,
				6F5077FA20EB831600B113A9 /* StoreKit.framework */,
				6F1B930820D75F9B0011BA2A /* NotificationCenter.framework */,
				8A12B071FCA68E607B45F371 /* Pods_Eat_it.framework */,
			);
			name = Frameworks;
			sourceTree = "<group>";
		};
		6F1B930A20D75F9B0011BA2A /* Eat-itTodayExtension */ = {
			isa = PBXGroup;
			children = (
				6F1B932A20DA07F30011BA2A /* mealTime_noon.png */,
				6F1B932B20DA07F40011BA2A /* mealTime_night.png */,
				6F1B932920DA07F30011BA2A /* mealTime_morning.png */,
				6F1B933120E11F860011BA2A /* plusIcon.png */,
				6F1B931D20D7E5CE0011BA2A /* Eat-itTodayExtension.entitlements */,
				6F1B930B20D75F9B0011BA2A /* TodayViewController.swift */,
				6F1B932F20E0D3060011BA2A /* SupportExtension.swift */,
				6F1B930D20D75F9B0011BA2A /* MainInterface.storyboard */,
				6F1B931020D75F9B0011BA2A /* Info.plist */,
			);
			path = "Eat-itTodayExtension";
			sourceTree = "<group>";
		};
		6FABA5DA20CE480E009DC835 /* Assets */ = {
			isa = PBXGroup;
			children = (
				6F1B931F20D906CA0011BA2A /* Montserrat-SemiBold.ttf */,
				6FC46E1920C64DF900DAA40D /* Assets.xcassets */,
				6FC46E1620C64DF800DAA40D /* Main.storyboard */,
				6FC46E1E20C64DF900DAA40D /* Info.plist */,
				6F5077E420EA171000B113A9 /* launchScreen.png */,
				6F5077E620EA176000B113A9 /* background.png */,
				6F5077E220EA16AA00B113A9 /* LaunchScreen.storyboard */,
			);
			path = Assets;
			sourceTree = "<group>";
		};
		6FABA5DB20CE5951009DC835 /* App Delegate */ = {
			isa = PBXGroup;
			children = (
				6FC46E1220C64DF800DAA40D /* AppDelegate.swift */,
			);
			path = "App Delegate";
			sourceTree = "<group>";
		};
		6FC46E0620C64DF800DAA40D = {
			isa = PBXGroup;
			children = (
				6FC46E1120C64DF800DAA40D /* Eat-it */,
				6FABA5DB20CE5951009DC835 /* App Delegate */,
				6F1B930A20D75F9B0011BA2A /* Eat-itTodayExtension */,
				6FC46E1020C64DF800DAA40D /* Products */,
				9801C0E76837F2CDFB619058 /* Pods */,
				08CB7AC6DBCD8F09AE54AEDC /* Frameworks */,
			);
			sourceTree = "<group>";
		};
		6FC46E1020C64DF800DAA40D /* Products */ = {
			isa = PBXGroup;
			children = (
				6FC46E0F20C64DF800DAA40D /* Eat-it.app */,
				6F1B930720D75F9A0011BA2A /* Eat-itTodayExtension.appex */,
			);
			name = Products;
			sourceTree = "<group>";
		};
		6FC46E1120C64DF800DAA40D /* Eat-it */ = {
			isa = PBXGroup;
			children = (
				6F1B931E20D7E5D50011BA2A /* Eat-it.entitlements */,
				6FABA5DA20CE480E009DC835 /* Assets */,
				6FC46E3020C6569600DAA40D /* Support */,
				6FC46E2E20C6565C00DAA40D /* Model */,
				6FC46E2B20C6564300DAA40D /* View Controller */,
				6FC46E2F20C6566300DAA40D /* View */,
			);
			path = "Eat-it";
			sourceTree = "<group>";
		};
		6FC46E2B20C6564300DAA40D /* View Controller */ = {
			isa = PBXGroup;
			children = (
				6F5077EC20EB28B300B113A9 /* TutorialViewController.swift */,
				6F5077EA20EB19C200B113A9 /* TutorialPageViewController.swift */,
				6F5077E820EB193F00B113A9 /* TutorialImageViewController.swift */,
				6FC46E1420C64DF800DAA40D /* MainViewController.swift */,
				6FC46E3920C8F76300DAA40D /* PostViewController.swift */,
				6F1AF1D520D23DB500147898 /* GraphTableViewController.swift */,
				6F10322820E9B97F00AFBF36 /* GraphDetailViewController.swift */,
				6FABA5D820CE4297009DC835 /* SettingViewController.swift */,
				6F1AF1CF20D0C5FC00147898 /* ThemeTableViewController.swift */,
				6F10322620E886DC00AFBF36 /* DevInfoViewController.swift */,
				6F1AF1D120D0D6C800147898 /* CustomTableViewCell.swift */,
				6F10322A20E9BF4B00AFBF36 /* CustomCollectionViewCell.swift */,
			);
			path = "View Controller";
			sourceTree = "<group>";
		};
		6FC46E2E20C6565C00DAA40D /* Model */ = {
			isa = PBXGroup;
			children = (
				6FC46E2C20C6565300DAA40D /* Post.swift */,
				6F1AF1D320D0E1BC00147898 /* ThemeData.swift */,
			);
			path = Model;
			sourceTree = "<group>";
		};
		6FC46E2F20C6566300DAA40D /* View */ = {
			isa = PBXGroup;
			children = (
				6FC46E3120C66B1E00DAA40D /* MealCell.swift */,
				6FC46E3320C66B2A00DAA40D /* DayCell.swift */,
				6FC46E3520C66B3100DAA40D /* PostCell.swift */,
			);
			path = View;
			sourceTree = "<group>";
		};
		6FC46E3020C6569600DAA40D /* Support */ = {
			isa = PBXGroup;
			children = (
				6FC46E3720C6722700DAA40D /* Extension.swift */,
				1EB2D74B20D2140900933CAF /* Transitions.swift */,
				1EB2D74D20D21D5500933CAF /* TransitionCoordinator.swift */,
			);
			path = Support;
			sourceTree = "<group>";
		};
		9801C0E76837F2CDFB619058 /* Pods */ = {
			isa = PBXGroup;
			children = (
				913763962DF64A28ADA8946D /* Pods-Eat-it.debug.xcconfig */,
				C7CF703FAF8B85C7927F6BAF /* Pods-Eat-it.release.xcconfig */,
			);
			name = Pods;
			sourceTree = "<group>";
		};
/* End PBXGroup section */

/* Begin PBXNativeTarget section */
		6F1B930620D75F9A0011BA2A /* Eat-itTodayExtension */ = {
			isa = PBXNativeTarget;
			buildConfigurationList = 6F1B931620D75F9B0011BA2A /* Build configuration list for PBXNativeTarget "Eat-itTodayExtension" */;
			buildPhases = (
				6F1B930320D75F9A0011BA2A /* Sources */,
				6F1B930420D75F9A0011BA2A /* Frameworks */,
				6F1B930520D75F9A0011BA2A /* Resources */,
			);
			buildRules = (
			);
			dependencies = (
			);
			name = "Eat-itTodayExtension";
			productName = "Eat-itTodayExtension";
			productReference = 6F1B930720D75F9A0011BA2A /* Eat-itTodayExtension.appex */;
			productType = "com.apple.product-type.app-extension";
		};
		6FC46E0E20C64DF800DAA40D /* Eat-it */ = {
			isa = PBXNativeTarget;
			buildConfigurationList = 6FC46E2120C64DF900DAA40D /* Build configuration list for PBXNativeTarget "Eat-it" */;
			buildPhases = (
				7674CB1151EC6D73E1DBA4E4 /* [CP] Check Pods Manifest.lock */,
				6FC46E0B20C64DF800DAA40D /* Sources */,
				6FC46E0C20C64DF800DAA40D /* Frameworks */,
				6FC46E0D20C64DF800DAA40D /* Resources */,
				6FC46E2A20C6543C00DAA40D /* Embed Frameworks */,
				19AD5E0E5F758083174242C2 /* [CP] Embed Pods Frameworks */,
				6FB4634420E5CF0D004D65C6 /* Embed App Extensions */,
			);
			buildRules = (
			);
			dependencies = (
				6F1B931220D75F9B0011BA2A /* PBXTargetDependency */,
			);
			name = "Eat-it";
			productName = "Eat-it";
			productReference = 6FC46E0F20C64DF800DAA40D /* Eat-it.app */;
			productType = "com.apple.product-type.application";
		};
/* End PBXNativeTarget section */

/* Begin PBXProject section */
		6FC46E0720C64DF800DAA40D /* Project object */ = {
			isa = PBXProject;
			attributes = {
				LastSwiftUpdateCheck = 0940;
				LastUpgradeCheck = 0940;
				ORGANIZATIONNAME = sungeun;
				TargetAttributes = {
					6F1B930620D75F9A0011BA2A = {
						CreatedOnToolsVersion = 9.4.1;
						SystemCapabilities = {
							com.apple.ApplicationGroups.iOS = {
								enabled = 1;
							};
						};
					};
					6FC46E0E20C64DF800DAA40D = {
						CreatedOnToolsVersion = 9.4;
						SystemCapabilities = {
							com.apple.ApplicationGroups.iOS = {
								enabled = 1;
							};
							com.apple.Push = {
								enabled = 1;
							};
							com.apple.iCloud = {
								enabled = 0;
							};
						};
					};
				};
			};
			buildConfigurationList = 6FC46E0A20C64DF800DAA40D /* Build configuration list for PBXProject "Eat-it" */;
			compatibilityVersion = "Xcode 9.3";
			developmentRegion = en;
			hasScannedForEncodings = 0;
			knownRegions = (
				en,
				Base,
			);
			mainGroup = 6FC46E0620C64DF800DAA40D;
			productRefGroup = 6FC46E1020C64DF800DAA40D /* Products */;
			projectDirPath = "";
			projectRoot = "";
			targets = (
				6FC46E0E20C64DF800DAA40D /* Eat-it */,
				6F1B930620D75F9A0011BA2A /* Eat-itTodayExtension */,
			);
		};
/* End PBXProject section */

/* Begin PBXResourcesBuildPhase section */
		6F1B930520D75F9A0011BA2A /* Resources */ = {
			isa = PBXResourcesBuildPhase;
			buildActionMask = 2147483647;
			files = (
				6F1B932C20DA07F40011BA2A /* mealTime_morning.png in Resources */,
				6F1B932E20DA07F40011BA2A /* mealTime_night.png in Resources */,
				6F1B933220E11F870011BA2A /* plusIcon.png in Resources */,
				6F1B930F20D75F9B0011BA2A /* MainInterface.storyboard in Resources */,
				6F1B932D20DA07F40011BA2A /* mealTime_noon.png in Resources */,
			);
			runOnlyForDeploymentPostprocessing = 0;
		};
		6FC46E0D20C64DF800DAA40D /* Resources */ = {
			isa = PBXResourcesBuildPhase;
			buildActionMask = 2147483647;
			files = (
				6FC46E1A20C64DF900DAA40D /* Assets.xcassets in Resources */,
				6F5077E720EA176000B113A9 /* background.png in Resources */,
				6F1B932120D906CC0011BA2A /* Montserrat-SemiBold.ttf in Resources */,
				6F5077E520EA171000B113A9 /* launchScreen.png in Resources */,
				6F5077E320EA16AA00B113A9 /* LaunchScreen.storyboard in Resources */,
				6FC46E1820C64DF800DAA40D /* Main.storyboard in Resources */,
			);
			runOnlyForDeploymentPostprocessing = 0;
		};
/* End PBXResourcesBuildPhase section */

/* Begin PBXShellScriptBuildPhase section */
		19AD5E0E5F758083174242C2 /* [CP] Embed Pods Frameworks */ = {
			isa = PBXShellScriptBuildPhase;
			buildActionMask = 2147483647;
			files = (
			);
			inputPaths = (
				"${SRCROOT}/Pods/Target Support Files/Pods-Eat-it/Pods-Eat-it-frameworks.sh",
				"${BUILT_PRODUCTS_DIR}/Realm/Realm.framework",
				"${BUILT_PRODUCTS_DIR}/RealmSwift/RealmSwift.framework",
				"${BUILT_PRODUCTS_DIR}/SnapKit/SnapKit.framework",
			);
			name = "[CP] Embed Pods Frameworks";
			outputPaths = (
				"${TARGET_BUILD_DIR}/${FRAMEWORKS_FOLDER_PATH}/Realm.framework",
				"${TARGET_BUILD_DIR}/${FRAMEWORKS_FOLDER_PATH}/RealmSwift.framework",
				"${TARGET_BUILD_DIR}/${FRAMEWORKS_FOLDER_PATH}/SnapKit.framework",
			);
			runOnlyForDeploymentPostprocessing = 0;
			shellPath = /bin/sh;
			shellScript = "\"${SRCROOT}/Pods/Target Support Files/Pods-Eat-it/Pods-Eat-it-frameworks.sh\"\n";
			showEnvVarsInLog = 0;
		};
		7674CB1151EC6D73E1DBA4E4 /* [CP] Check Pods Manifest.lock */ = {
			isa = PBXShellScriptBuildPhase;
			buildActionMask = 2147483647;
			files = (
			);
			inputPaths = (
				"${PODS_PODFILE_DIR_PATH}/Podfile.lock",
				"${PODS_ROOT}/Manifest.lock",
			);
			name = "[CP] Check Pods Manifest.lock";
			outputPaths = (
				"$(DERIVED_FILE_DIR)/Pods-Eat-it-checkManifestLockResult.txt",
			);
			runOnlyForDeploymentPostprocessing = 0;
			shellPath = /bin/sh;
			shellScript = "diff \"${PODS_PODFILE_DIR_PATH}/Podfile.lock\" \"${PODS_ROOT}/Manifest.lock\" > /dev/null\nif [ $? != 0 ] ; then\n    # print error to STDERR\n    echo \"error: The sandbox is not in sync with the Podfile.lock. Run 'pod install' or update your CocoaPods installation.\" >&2\n    exit 1\nfi\n# This output is used by Xcode 'outputs' to avoid re-running this script phase.\necho \"SUCCESS\" > \"${SCRIPT_OUTPUT_FILE_0}\"\n";
			showEnvVarsInLog = 0;
		};
/* End PBXShellScriptBuildPhase section */

/* Begin PBXSourcesBuildPhase section */
		6F1B930320D75F9A0011BA2A /* Sources */ = {
			isa = PBXSourcesBuildPhase;
			buildActionMask = 2147483647;
			files = (
				6F10322F20EA0ADC00AFBF36 /* TodayViewController.swift in Sources */,
				6F10323020EA0ADC00AFBF36 /* SupportExtension.swift in Sources */,
			);
			runOnlyForDeploymentPostprocessing = 0;
		};
		6FC46E0B20C64DF800DAA40D /* Sources */ = {
			isa = PBXSourcesBuildPhase;
			buildActionMask = 2147483647;
			files = (
				6FC46E3A20C8F76300DAA40D /* PostViewController.swift in Sources */,
				6F5077ED20EB28B300B113A9 /* TutorialViewController.swift in Sources */,
				6F1AF1D420D0E1BC00147898 /* ThemeData.swift in Sources */,
				6F1AF1D620D23DB500147898 /* GraphTableViewController.swift in Sources */,
				6FC46E3220C66B1E00DAA40D /* MealCell.swift in Sources */,
				6FC46E2D20C6565300DAA40D /* Post.swift in Sources */,
				1EB2D74C20D2140900933CAF /* Transitions.swift in Sources */,
				6F5077EB20EB19C200B113A9 /* TutorialPageViewController.swift in Sources */,
				6F10322B20E9BF4B00AFBF36 /* CustomCollectionViewCell.swift in Sources */,
				6FC46E3820C6722700DAA40D /* Extension.swift in Sources */,
				6F10322720E886DC00AFBF36 /* DevInfoViewController.swift in Sources */,
				6FABA5D920CE4297009DC835 /* SettingViewController.swift in Sources */,
				6F10322920E9B97F00AFBF36 /* GraphDetailViewController.swift in Sources */,
				6FC46E3420C66B2A00DAA40D /* DayCell.swift in Sources */,
				1EB2D74E20D21D5500933CAF /* TransitionCoordinator.swift in Sources */,
				6F5077E920EB193F00B113A9 /* TutorialImageViewController.swift in Sources */,
				6F1AF1D220D0D6C800147898 /* CustomTableViewCell.swift in Sources */,
				6FC46E1520C64DF800DAA40D /* MainViewController.swift in Sources */,
				6F1AF1D020D0C5FC00147898 /* ThemeTableViewController.swift in Sources */,
				6FC46E1320C64DF800DAA40D /* AppDelegate.swift in Sources */,
				6FC46E3620C66B3100DAA40D /* PostCell.swift in Sources */,
			);
			runOnlyForDeploymentPostprocessing = 0;
		};
/* End PBXSourcesBuildPhase section */

/* Begin PBXTargetDependency section */
		6F1B931220D75F9B0011BA2A /* PBXTargetDependency */ = {
			isa = PBXTargetDependency;
			target = 6F1B930620D75F9A0011BA2A /* Eat-itTodayExtension */;
			targetProxy = 6F1B931120D75F9B0011BA2A /* PBXContainerItemProxy */;
		};
/* End PBXTargetDependency section */

/* Begin PBXVariantGroup section */
		6F1B930D20D75F9B0011BA2A /* MainInterface.storyboard */ = {
			isa = PBXVariantGroup;
			children = (
				6F1B930E20D75F9B0011BA2A /* Base */,
			);
			name = MainInterface.storyboard;
			sourceTree = "<group>";
		};
		6FC46E1620C64DF800DAA40D /* Main.storyboard */ = {
			isa = PBXVariantGroup;
			children = (
				6FC46E1720C64DF800DAA40D /* Base */,
			);
			name = Main.storyboard;
			sourceTree = "<group>";
		};
/* End PBXVariantGroup section */

/* Begin XCBuildConfiguration section */
		6F1B931420D75F9B0011BA2A /* Debug */ = {
			isa = XCBuildConfiguration;
			baseConfigurationReference = 913763962DF64A28ADA8946D /* Pods-Eat-it.debug.xcconfig */;
			buildSettings = {
				CODE_SIGN_ENTITLEMENTS = "Eat-itTodayExtension/Eat-itTodayExtension.entitlements";
				CODE_SIGN_IDENTITY = "iPhone Developer";
				CODE_SIGN_STYLE = Manual;
				DEVELOPMENT_TEAM = WXH5CKM9TX;
				INFOPLIST_FILE = "Eat-itTodayExtension/Info.plist";
				IPHONEOS_DEPLOYMENT_TARGET = 11.0;
				LD_RUNPATH_SEARCH_PATHS = (
					"$(inherited)",
					"@executable_path/Frameworks",
					"@executable_path/../../Frameworks",
				);
				PRODUCT_BUNDLE_IDENTIFIER = "com.sungeun.Eat-it.Eat-itTodayExtension";
				PRODUCT_NAME = "$(TARGET_NAME)";
				PROVISIONING_PROFILE = "950c9df9-cec0-4b06-819d-607101135c68";
				PROVISIONING_PROFILE_SPECIFIER = "eat-it today extension development";
				SKIP_INSTALL = YES;
				SWIFT_VERSION = 4.0;
				TARGETED_DEVICE_FAMILY = "1,2";
			};
			name = Debug;
		};
		6F1B931520D75F9B0011BA2A /* Release */ = {
			isa = XCBuildConfiguration;
			baseConfigurationReference = C7CF703FAF8B85C7927F6BAF /* Pods-Eat-it.release.xcconfig */;
			buildSettings = {
				CODE_SIGN_ENTITLEMENTS = "Eat-itTodayExtension/Eat-itTodayExtension.entitlements";
				CODE_SIGN_IDENTITY = "iPhone Developer";
				CODE_SIGN_STYLE = Manual;
				DEVELOPMENT_TEAM = WXH5CKM9TX;
				INFOPLIST_FILE = "Eat-itTodayExtension/Info.plist";
				IPHONEOS_DEPLOYMENT_TARGET = 11.0;
				LD_RUNPATH_SEARCH_PATHS = (
					"$(inherited)",
					"@executable_path/Frameworks",
					"@executable_path/../../Frameworks",
				);
				PRODUCT_BUNDLE_IDENTIFIER = "com.sungeun.Eat-it.Eat-itTodayExtension";
				PRODUCT_NAME = "$(TARGET_NAME)";
				PROVISIONING_PROFILE = "950c9df9-cec0-4b06-819d-607101135c68";
				PROVISIONING_PROFILE_SPECIFIER = "eat-it today extension development";
				SKIP_INSTALL = YES;
				SWIFT_VERSION = 4.0;
				TARGETED_DEVICE_FAMILY = "1,2";
			};
			name = Release;
		};
		6FC46E1F20C64DF900DAA40D /* Debug */ = {
			isa = XCBuildConfiguration;
			buildSettings = {
				ALWAYS_SEARCH_USER_PATHS = NO;
				CLANG_ANALYZER_NONNULL = YES;
				CLANG_ANALYZER_NUMBER_OBJECT_CONVERSION = YES_AGGRESSIVE;
				CLANG_CXX_LANGUAGE_STANDARD = "gnu++14";
				CLANG_CXX_LIBRARY = "libc++";
				CLANG_ENABLE_MODULES = YES;
				CLANG_ENABLE_OBJC_ARC = YES;
				CLANG_ENABLE_OBJC_WEAK = YES;
				CLANG_WARN_BLOCK_CAPTURE_AUTORELEASING = YES;
				CLANG_WARN_BOOL_CONVERSION = YES;
				CLANG_WARN_COMMA = YES;
				CLANG_WARN_CONSTANT_CONVERSION = YES;
				CLANG_WARN_DEPRECATED_OBJC_IMPLEMENTATIONS = YES;
				CLANG_WARN_DIRECT_OBJC_ISA_USAGE = YES_ERROR;
				CLANG_WARN_DOCUMENTATION_COMMENTS = YES;
				CLANG_WARN_EMPTY_BODY = YES;
				CLANG_WARN_ENUM_CONVERSION = YES;
				CLANG_WARN_INFINITE_RECURSION = YES;
				CLANG_WARN_INT_CONVERSION = YES;
				CLANG_WARN_NON_LITERAL_NULL_CONVERSION = YES;
				CLANG_WARN_OBJC_IMPLICIT_RETAIN_SELF = YES;
				CLANG_WARN_OBJC_LITERAL_CONVERSION = YES;
				CLANG_WARN_OBJC_ROOT_CLASS = YES_ERROR;
				CLANG_WARN_RANGE_LOOP_ANALYSIS = YES;
				CLANG_WARN_STRICT_PROTOTYPES = YES;
				CLANG_WARN_SUSPICIOUS_MOVE = YES;
				CLANG_WARN_UNGUARDED_AVAILABILITY = YES_AGGRESSIVE;
				CLANG_WARN_UNREACHABLE_CODE = YES;
				CLANG_WARN__DUPLICATE_METHOD_MATCH = YES;
				CODE_SIGN_IDENTITY = "iPhone Developer";
				COPY_PHASE_STRIP = NO;
				DEBUG_INFORMATION_FORMAT = dwarf;
				ENABLE_BITCODE = NO;
				ENABLE_STRICT_OBJC_MSGSEND = YES;
				ENABLE_TESTABILITY = YES;
				GCC_C_LANGUAGE_STANDARD = gnu11;
				GCC_DYNAMIC_NO_PIC = NO;
				GCC_NO_COMMON_BLOCKS = YES;
				GCC_OPTIMIZATION_LEVEL = 0;
				GCC_PREPROCESSOR_DEFINITIONS = (
					"DEBUG=1",
					"$(inherited)",
				);
				GCC_WARN_64_TO_32_BIT_CONVERSION = YES;
				GCC_WARN_ABOUT_RETURN_TYPE = YES_ERROR;
				GCC_WARN_UNDECLARED_SELECTOR = YES;
				GCC_WARN_UNINITIALIZED_AUTOS = YES_AGGRESSIVE;
				GCC_WARN_UNUSED_FUNCTION = YES;
				GCC_WARN_UNUSED_VARIABLE = YES;
				GENERATE_MASTER_OBJECT_FILE = NO;
				IPHONEOS_DEPLOYMENT_TARGET = 11.0;
				MTL_ENABLE_DEBUG_INFO = YES;
				ONLY_ACTIVE_ARCH = YES;
				SDKROOT = iphoneos;
				SWIFT_ACTIVE_COMPILATION_CONDITIONS = DEBUG;
				SWIFT_OPTIMIZATION_LEVEL = "-Onone";
			};
			name = Debug;
		};
		6FC46E2020C64DF900DAA40D /* Release */ = {
			isa = XCBuildConfiguration;
			buildSettings = {
				ALWAYS_SEARCH_USER_PATHS = NO;
				CLANG_ANALYZER_NONNULL = YES;
				CLANG_ANALYZER_NUMBER_OBJECT_CONVERSION = YES_AGGRESSIVE;
				CLANG_CXX_LANGUAGE_STANDARD = "gnu++14";
				CLANG_CXX_LIBRARY = "libc++";
				CLANG_ENABLE_MODULES = YES;
				CLANG_ENABLE_OBJC_ARC = YES;
				CLANG_ENABLE_OBJC_WEAK = YES;
				CLANG_WARN_BLOCK_CAPTURE_AUTORELEASING = YES;
				CLANG_WARN_BOOL_CONVERSION = YES;
				CLANG_WARN_COMMA = YES;
				CLANG_WARN_CONSTANT_CONVERSION = YES;
				CLANG_WARN_DEPRECATED_OBJC_IMPLEMENTATIONS = YES;
				CLANG_WARN_DIRECT_OBJC_ISA_USAGE = YES_ERROR;
				CLANG_WARN_DOCUMENTATION_COMMENTS = YES;
				CLANG_WARN_EMPTY_BODY = YES;
				CLANG_WARN_ENUM_CONVERSION = YES;
				CLANG_WARN_INFINITE_RECURSION = YES;
				CLANG_WARN_INT_CONVERSION = YES;
				CLANG_WARN_NON_LITERAL_NULL_CONVERSION = YES;
				CLANG_WARN_OBJC_IMPLICIT_RETAIN_SELF = YES;
				CLANG_WARN_OBJC_LITERAL_CONVERSION = YES;
				CLANG_WARN_OBJC_ROOT_CLASS = YES_ERROR;
				CLANG_WARN_RANGE_LOOP_ANALYSIS = YES;
				CLANG_WARN_STRICT_PROTOTYPES = YES;
				CLANG_WARN_SUSPICIOUS_MOVE = YES;
				CLANG_WARN_UNGUARDED_AVAILABILITY = YES_AGGRESSIVE;
				CLANG_WARN_UNREACHABLE_CODE = YES;
				CLANG_WARN__DUPLICATE_METHOD_MATCH = YES;
				CODE_SIGN_IDENTITY = "iPhone Developer";
				COPY_PHASE_STRIP = NO;
				DEBUG_INFORMATION_FORMAT = "dwarf-with-dsym";
				ENABLE_BITCODE = NO;
				ENABLE_NS_ASSERTIONS = NO;
				ENABLE_STRICT_OBJC_MSGSEND = YES;
				GCC_C_LANGUAGE_STANDARD = gnu11;
				GCC_NO_COMMON_BLOCKS = YES;
				GCC_WARN_64_TO_32_BIT_CONVERSION = YES;
				GCC_WARN_ABOUT_RETURN_TYPE = YES_ERROR;
				GCC_WARN_UNDECLARED_SELECTOR = YES;
				GCC_WARN_UNINITIALIZED_AUTOS = YES_AGGRESSIVE;
				GCC_WARN_UNUSED_FUNCTION = YES;
				GCC_WARN_UNUSED_VARIABLE = YES;
				GENERATE_MASTER_OBJECT_FILE = NO;
				IPHONEOS_DEPLOYMENT_TARGET = 11.0;
				MTL_ENABLE_DEBUG_INFO = NO;
				ONLY_ACTIVE_ARCH = YES;
				SDKROOT = iphoneos;
				SWIFT_COMPILATION_MODE = wholemodule;
				SWIFT_OPTIMIZATION_LEVEL = "-O";
				VALIDATE_PRODUCT = YES;
			};
			name = Release;
		};
		6FC46E2220C64DF900DAA40D /* Debug */ = {
			isa = XCBuildConfiguration;
			baseConfigurationReference = 913763962DF64A28ADA8946D /* Pods-Eat-it.debug.xcconfig */;
			buildSettings = {
				ALWAYS_EMBED_SWIFT_STANDARD_LIBRARIES = YES;
				ASSETCATALOG_COMPILER_APPICON_NAME = AppIcon;
				CODE_SIGN_ENTITLEMENTS = "Eat-it/Eat-it.entitlements";
				CODE_SIGN_IDENTITY = "iPhone Developer";
				CODE_SIGN_STYLE = Manual;
				DEVELOPMENT_TEAM = WXH5CKM9TX;
				FRAMEWORK_SEARCH_PATHS = (
					"$(inherited)",
					"$(PROJECT_DIR)",
				);
				INFOPLIST_FILE = "$(SRCROOT)/Eat-it/Assets/Info.plist";
				IPHONEOS_DEPLOYMENT_TARGET = 11.0;
				LD_RUNPATH_SEARCH_PATHS = (
					"$(inherited)",
					"@executable_path/Frameworks",
				);
				PRODUCT_BUNDLE_IDENTIFIER = "com.sungeun.Eat-it";
				PRODUCT_NAME = "$(TARGET_NAME)";
				PROVISIONING_PROFILE = "349907db-c0a4-493b-8c9d-c23d0169181e";
				PROVISIONING_PROFILE_SPECIFIER = "eat-it development";
				SWIFT_VERSION = 4.0;
				TARGETED_DEVICE_FAMILY = "1,2";
			};
			name = Debug;
		};
		6FC46E2320C64DF900DAA40D /* Release */ = {
			isa = XCBuildConfiguration;
			baseConfigurationReference = C7CF703FAF8B85C7927F6BAF /* Pods-Eat-it.release.xcconfig */;
			buildSettings = {
				ALWAYS_EMBED_SWIFT_STANDARD_LIBRARIES = YES;
				ASSETCATALOG_COMPILER_APPICON_NAME = AppIcon;
				CODE_SIGN_ENTITLEMENTS = "Eat-it/Eat-it.entitlements";
				CODE_SIGN_IDENTITY = "iPhone Developer";
				CODE_SIGN_STYLE = Manual;
				DEVELOPMENT_TEAM = WXH5CKM9TX;
				FRAMEWORK_SEARCH_PATHS = (
					"$(inherited)",
					"$(PROJECT_DIR)",
				);
				INFOPLIST_FILE = "$(SRCROOT)/Eat-it/Assets/Info.plist";
				IPHONEOS_DEPLOYMENT_TARGET = 11.0;
				LD_RUNPATH_SEARCH_PATHS = (
					"$(inherited)",
					"@executable_path/Frameworks",
				);
				PRODUCT_BUNDLE_IDENTIFIER = "com.sungeun.Eat-it";
				PRODUCT_NAME = "$(TARGET_NAME)";
				PROVISIONING_PROFILE = "349907db-c0a4-493b-8c9d-c23d0169181e";
				PROVISIONING_PROFILE_SPECIFIER = "eat-it development";
				SWIFT_VERSION = 4.0;
				TARGETED_DEVICE_FAMILY = "1,2";
			};
			name = Release;
		};
/* End XCBuildConfiguration section */

/* Begin XCConfigurationList section */
		6F1B931620D75F9B0011BA2A /* Build configuration list for PBXNativeTarget "Eat-itTodayExtension" */ = {
			isa = XCConfigurationList;
			buildConfigurations = (
				6F1B931420D75F9B0011BA2A /* Debug */,
				6F1B931520D75F9B0011BA2A /* Release */,
			);
			defaultConfigurationIsVisible = 0;
			defaultConfigurationName = Release;
		};
		6FC46E0A20C64DF800DAA40D /* Build configuration list for PBXProject "Eat-it" */ = {
			isa = XCConfigurationList;
			buildConfigurations = (
				6FC46E1F20C64DF900DAA40D /* Debug */,
				6FC46E2020C64DF900DAA40D /* Release */,
			);
			defaultConfigurationIsVisible = 0;
			defaultConfigurationName = Release;
		};
		6FC46E2120C64DF900DAA40D /* Build configuration list for PBXNativeTarget "Eat-it" */ = {
			isa = XCConfigurationList;
			buildConfigurations = (
				6FC46E2220C64DF900DAA40D /* Debug */,
				6FC46E2320C64DF900DAA40D /* Release */,
			);
			defaultConfigurationIsVisible = 0;
			defaultConfigurationName = Release;
		};
/* End XCConfigurationList section */
	};
	rootObject = 6FC46E0720C64DF800DAA40D /* Project object */;
}
