// !$*UTF8*$!
{
	archiveVersion = 1;
	classes = {
	};
	objectVersion = 50;
	objects = {

/* Begin PBXBuildFile section */
		1EAC758820ABE79200A61660 /* PostViewController.swift in Sources */ = {isa = PBXBuildFile; fileRef = 1EAC758720ABE79200A61660 /* PostViewController.swift */; };
		1EAC758D20ABE7EC00A61660 /* Post.swift in Sources */ = {isa = PBXBuildFile; fileRef = 1EAC758C20ABE7EC00A61660 /* Post.swift */; };
		6FE6E5DD20ABE4930019759E /* AppDelegate.swift in Sources */ = {isa = PBXBuildFile; fileRef = 6FE6E5DC20ABE4930019759E /* AppDelegate.swift */; };
		6FE6E5DF20ABE4930019759E /* MainViewController.swift in Sources */ = {isa = PBXBuildFile; fileRef = 6FE6E5DE20ABE4930019759E /* MainViewController.swift */; };
		6FE6E5E220ABE4930019759E /* Main.storyboard in Resources */ = {isa = PBXBuildFile; fileRef = 6FE6E5E020ABE4930019759E /* Main.storyboard */; };
		6FE6E5E420ABE4960019759E /* Assets.xcassets in Resources */ = {isa = PBXBuildFile; fileRef = 6FE6E5E320ABE4960019759E /* Assets.xcassets */; };
		6FE6E5E720ABE4960019759E /* LaunchScreen.storyboard in Resources */ = {isa = PBXBuildFile; fileRef = 6FE6E5E520ABE4960019759E /* LaunchScreen.storyboard */; };
/* End PBXBuildFile section */

/* Begin PBXFileReference section */
		1EAC758720ABE79200A61660 /* PostViewController.swift */ = {isa = PBXFileReference; lastKnownFileType = sourcecode.swift; path = PostViewController.swift; sourceTree = "<group>"; };
		1EAC758C20ABE7EC00A61660 /* Post.swift */ = {isa = PBXFileReference; lastKnownFileType = sourcecode.swift; path = Post.swift; sourceTree = "<group>"; };
		6FE6E5D920ABE4930019759E /* EatIt.app */ = {isa = PBXFileReference; explicitFileType = wrapper.application; includeInIndex = 0; path = EatIt.app; sourceTree = BUILT_PRODUCTS_DIR; };
		6FE6E5DC20ABE4930019759E /* AppDelegate.swift */ = {isa = PBXFileReference; lastKnownFileType = sourcecode.swift; path = AppDelegate.swift; sourceTree = "<group>"; };
		6FE6E5DE20ABE4930019759E /* MainViewController.swift */ = {isa = PBXFileReference; lastKnownFileType = sourcecode.swift; path = MainViewController.swift; sourceTree = "<group>"; };
		6FE6E5E120ABE4930019759E /* Base */ = {isa = PBXFileReference; lastKnownFileType = file.storyboard; name = Base; path = Base.lproj/Main.storyboard; sourceTree = "<group>"; };
		6FE6E5E320ABE4960019759E /* Assets.xcassets */ = {isa = PBXFileReference; lastKnownFileType = folder.assetcatalog; path = Assets.xcassets; sourceTree = "<group>"; };
		6FE6E5E620ABE4960019759E /* Base */ = {isa = PBXFileReference; lastKnownFileType = file.storyboard; name = Base; path = Base.lproj/LaunchScreen.storyboard; sourceTree = "<group>"; };
		6FE6E5E820ABE4960019759E /* Info.plist */ = {isa = PBXFileReference; lastKnownFileType = text.plist.xml; path = Info.plist; sourceTree = "<group>"; };
/* End PBXFileReference section */

/* Begin PBXFrameworksBuildPhase section */
		6FE6E5D620ABE4930019759E /* Frameworks */ = {
			isa = PBXFrameworksBuildPhase;
			buildActionMask = 2147483647;
			files = (
			);
			runOnlyForDeploymentPostprocessing = 0;
		};
/* End PBXFrameworksBuildPhase section */

/* Begin PBXGroup section */
		1EAC758920ABE7CA00A61660 /* Model */ = {
			isa = PBXGroup;
			children = (
				1EAC758C20ABE7EC00A61660 /* Post.swift */,
			);
			path = Model;
			sourceTree = "<group>";
		};
		1EAC758A20ABE7CF00A61660 /* View */ = {
			isa = PBXGroup;
			children = (
				6FE6E5E020ABE4930019759E /* Main.storyboard */,
				6FE6E5E520ABE4960019759E /* LaunchScreen.storyboard */,
			);
			path = View;
			sourceTree = "<group>";
		};
		1EAC758B20ABE7D400A61660 /* Controller */ = {
			isa = PBXGroup;
			children = (
				1EAC758720ABE79200A61660 /* PostViewController.swift */,
				6FE6E5DE20ABE4930019759E /* MainViewController.swift */,
			);
			path = Controller;
			sourceTree = "<group>";
		};
		6FE6E5D020ABE4930019759E = {
			isa = PBXGroup;
			children = (
				6FE6E5DB20ABE4930019759E /* EatIt */,
				6FE6E5DA20ABE4930019759E /* Products */,
			);
			sourceTree = "<group>";
		};
		6FE6E5DA20ABE4930019759E /* Products */ = {
			isa = PBXGroup;
			children = (
				6FE6E5D920ABE4930019759E /* EatIt.app */,
			);
			name = Products;
			sourceTree = "<group>";
		};
		6FE6E5DB20ABE4930019759E /* EatIt */ = {
			isa = PBXGroup;
			children = (
				1EAC758920ABE7CA00A61660 /* Model */,
				1EAC758B20ABE7D400A61660 /* Controller */,
				1EAC758A20ABE7CF00A61660 /* View */,
				6FE6E5DC20ABE4930019759E /* AppDelegate.swift */,
				6FE6E5E320ABE4960019759E /* Assets.xcassets */,
				6FE6E5E820ABE4960019759E /* Info.plist */,
			);
			path = EatIt;
			sourceTree = "<group>";
		};
/* End PBXGroup section */

/* Begin PBXNativeTarget section */
		6FE6E5D820ABE4930019759E /* EatIt */ = {
			isa = PBXNativeTarget;
			buildConfigurationList = 6FE6E5EB20ABE4960019759E /* Build configuration list for PBXNativeTarget "EatIt" */;
			buildPhases = (
				6FE6E5D520ABE4930019759E /* Sources */,
				6FE6E5D620ABE4930019759E /* Frameworks */,
				6FE6E5D720ABE4930019759E /* Resources */,
			);
			buildRules = (
			);
			dependencies = (
			);
			name = EatIt;
			productName = EatIt;
			productReference = 6FE6E5D920ABE4930019759E /* EatIt.app */;
			productType = "com.apple.product-type.application";
		};
/* End PBXNativeTarget section */

/* Begin PBXProject section */
		6FE6E5D120ABE4930019759E /* Project object */ = {
			isa = PBXProject;
			attributes = {
				LastSwiftUpdateCheck = 0930;
				LastUpgradeCheck = 0930;
				ORGANIZATIONNAME = AppKings;
				TargetAttributes = {
					6FE6E5D820ABE4930019759E = {
						CreatedOnToolsVersion = 9.3;
					};
				};
			};
			buildConfigurationList = 6FE6E5D420ABE4930019759E /* Build configuration list for PBXProject "EatIt" */;
			compatibilityVersion = "Xcode 9.3";
			developmentRegion = en;
			hasScannedForEncodings = 0;
			knownRegions = (
				en,
				Base,
			);
			mainGroup = 6FE6E5D020ABE4930019759E;
			productRefGroup = 6FE6E5DA20ABE4930019759E /* Products */;
			projectDirPath = "";
			projectRoot = "";
			targets = (
				6FE6E5D820ABE4930019759E /* EatIt */,
			);
		};
/* End PBXProject section */

/* Begin PBXResourcesBuildPhase section */
		6FE6E5D720ABE4930019759E /* Resources */ = {
			isa = PBXResourcesBuildPhase;
			buildActionMask = 2147483647;
			files = (
				6FE6E5E720ABE4960019759E /* LaunchScreen.storyboard in Resources */,
				6FE6E5E420ABE4960019759E /* Assets.xcassets in Resources */,
				6FE6E5E220ABE4930019759E /* Main.storyboard in Resources */,
			);
			runOnlyForDeploymentPostprocessing = 0;
		};
/* End PBXResourcesBuildPhase section */

/* Begin PBXSourcesBuildPhase section */
		6FE6E5D520ABE4930019759E /* Sources */ = {
			isa = PBXSourcesBuildPhase;
			buildActionMask = 2147483647;
			files = (
				1EAC758820ABE79200A61660 /* PostViewController.swift in Sources */,
				6FE6E5DF20ABE4930019759E /* MainViewController.swift in Sources */,
				6FE6E5DD20ABE4930019759E /* AppDelegate.swift in Sources */,
				1EAC758D20ABE7EC00A61660 /* Post.swift in Sources */,
			);
			runOnlyForDeploymentPostprocessing = 0;
		};
/* End PBXSourcesBuildPhase section */

/* Begin PBXVariantGroup section */
		6FE6E5E020ABE4930019759E /* Main.storyboard */ = {
			isa = PBXVariantGroup;
			children = (
				6FE6E5E120ABE4930019759E /* Base */,
			);
			name = Main.storyboard;
			sourceTree = "<group>";
		};
		6FE6E5E520ABE4960019759E /* LaunchScreen.storyboard */ = {
			isa = PBXVariantGroup;
			children = (
				6FE6E5E620ABE4960019759E /* Base */,
			);
			name = LaunchScreen.storyboard;
			sourceTree = "<group>";
		};
/* End PBXVariantGroup section */

/* Begin XCBuildConfiguration section */
		6FE6E5E920ABE4960019759E /* Debug */ = {
			isa = XCBuildConfiguration;
			buildSettings = {
				ALWAYS_SEARCH_USER_PATHS = NO;
				CLANG_ANALYZER_NONNULL = YES;
				CLANG_ANALYZER_NUMBER_OBJECT_CONVERSION = YES_AGGRESSIVE;
				CLANG_CXX_LANGUAGE_STANDARD = "gnu++14";
				CLANG_CXX_LIBRARY = "libc++";
				CLANG_ENABLE_MODULES = YES;
				CLANG_ENABLE_OBJC_ARC = YES;
				CLANG_ENABLE_OBJC_WEAK = YES;
				CLANG_WARN_BLOCK_CAPTURE_AUTORELEASING = YES;
				CLANG_WARN_BOOL_CONVERSION = YES;
				CLANG_WARN_COMMA = YES;
				CLANG_WARN_CONSTANT_CONVERSION = YES;
				CLANG_WARN_DEPRECATED_OBJC_IMPLEMENTATIONS = YES;
				CLANG_WARN_DIRECT_OBJC_ISA_USAGE = YES_ERROR;
				CLANG_WARN_DOCUMENTATION_COMMENTS = YES;
				CLANG_WARN_EMPTY_BODY = YES;
				CLANG_WARN_ENUM_CONVERSION = YES;
				CLANG_WARN_INFINITE_RECURSION = YES;
				CLANG_WARN_INT_CONVERSION = YES;
				CLANG_WARN_NON_LITERAL_NULL_CONVERSION = YES;
				CLANG_WARN_OBJC_IMPLICIT_RETAIN_SELF = YES;
				CLANG_WARN_OBJC_LITERAL_CONVERSION = YES;
				CLANG_WARN_OBJC_ROOT_CLASS = YES_ERROR;
				CLANG_WARN_RANGE_LOOP_ANALYSIS = YES;
				CLANG_WARN_STRICT_PROTOTYPES = YES;
				CLANG_WARN_SUSPICIOUS_MOVE = YES;
				CLANG_WARN_UNGUARDED_AVAILABILITY = YES_AGGRESSIVE;
				CLANG_WARN_UNREACHABLE_CODE = YES;
				CLANG_WARN__DUPLICATE_METHOD_MATCH = YES;
				CODE_SIGN_IDENTITY = "iPhone Developer";
				COPY_PHASE_STRIP = NO;
				DEBUG_INFORMATION_FORMAT = dwarf;
				ENABLE_STRICT_OBJC_MSGSEND = YES;
				ENABLE_TESTABILITY = YES;
				GCC_C_LANGUAGE_STANDARD = gnu11;
				GCC_DYNAMIC_NO_PIC = NO;
				GCC_NO_COMMON_BLOCKS = YES;
				GCC_OPTIMIZATION_LEVEL = 0;
				GCC_PREPROCESSOR_DEFINITIONS = (
					"DEBUG=1",
					"$(inherited)",
				);
				GCC_WARN_64_TO_32_BIT_CONVERSION = YES;
				GCC_WARN_ABOUT_RETURN_TYPE = YES_ERROR;
				GCC_WARN_UNDECLARED_SELECTOR = YES;
				GCC_WARN_UNINITIALIZED_AUTOS = YES_AGGRESSIVE;
				GCC_WARN_UNUSED_FUNCTION = YES;
				GCC_WARN_UNUSED_VARIABLE = YES;
				IPHONEOS_DEPLOYMENT_TARGET = 11.3;
				MTL_ENABLE_DEBUG_INFO = YES;
				ONLY_ACTIVE_ARCH = YES;
				SDKROOT = iphoneos;
				SWIFT_ACTIVE_COMPILATION_CONDITIONS = DEBUG;
				SWIFT_OPTIMIZATION_LEVEL = "-Onone";
			};
			name = Debug;
		};
		6FE6E5EA20ABE4960019759E /* Release */ = {
			isa = XCBuildConfiguration;
			buildSettings = {
				ALWAYS_SEARCH_USER_PATHS = NO;
				CLANG_ANALYZER_NONNULL = YES;
				CLANG_ANALYZER_NUMBER_OBJECT_CONVERSION = YES_AGGRESSIVE;
				CLANG_CXX_LANGUAGE_STANDARD = "gnu++14";
				CLANG_CXX_LIBRARY = "libc++";
				CLANG_ENABLE_MODULES = YES;
				CLANG_ENABLE_OBJC_ARC = YES;
				CLANG_ENABLE_OBJC_WEAK = YES;
				CLANG_WARN_BLOCK_CAPTURE_AUTORELEASING = YES;
				CLANG_WARN_BOOL_CONVERSION = YES;
				CLANG_WARN_COMMA = YES;
				CLANG_WARN_CONSTANT_CONVERSION = YES;
				CLANG_WARN_DEPRECATED_OBJC_IMPLEMENTATIONS = YES;
				CLANG_WARN_DIRECT_OBJC_ISA_USAGE = YES_ERROR;
				CLANG_WARN_DOCUMENTATION_COMMENTS = YES;
				CLANG_WARN_EMPTY_BODY = YES;
				CLANG_WARN_ENUM_CONVERSION = YES;
				CLANG_WARN_INFINITE_RECURSION = YES;
				CLANG_WARN_INT_CONVERSION = YES;
				CLANG_WARN_NON_LITERAL_NULL_CONVERSION = YES;
				CLANG_WARN_OBJC_IMPLICIT_RETAIN_SELF = YES;
				CLANG_WARN_OBJC_LITERAL_CONVERSION = YES;
				CLANG_WARN_OBJC_ROOT_CLASS = YES_ERROR;
				CLANG_WARN_RANGE_LOOP_ANALYSIS = YES;
				CLANG_WARN_STRICT_PROTOTYPES = YES;
				CLANG_WARN_SUSPICIOUS_MOVE = YES;
				CLANG_WARN_UNGUARDED_AVAILABILITY = YES_AGGRESSIVE;
				CLANG_WARN_UNREACHABLE_CODE = YES;
				CLANG_WARN__DUPLICATE_METHOD_MATCH = YES;
				CODE_SIGN_IDENTITY = "iPhone Developer";
				COPY_PHASE_STRIP = NO;
				DEBUG_INFORMATION_FORMAT = "dwarf-with-dsym";
				ENABLE_NS_ASSERTIONS = NO;
				ENABLE_STRICT_OBJC_MSGSEND = YES;
				GCC_C_LANGUAGE_STANDARD = gnu11;
				GCC_NO_COMMON_BLOCKS = YES;
				GCC_WARN_64_TO_32_BIT_CONVERSION = YES;
				GCC_WARN_ABOUT_RETURN_TYPE = YES_ERROR;
				GCC_WARN_UNDECLARED_SELECTOR = YES;
				GCC_WARN_UNINITIALIZED_AUTOS = YES_AGGRESSIVE;
				GCC_WARN_UNUSED_FUNCTION = YES;
				GCC_WARN_UNUSED_VARIABLE = YES;
				IPHONEOS_DEPLOYMENT_TARGET = 11.3;
				MTL_ENABLE_DEBUG_INFO = NO;
				SDKROOT = iphoneos;
				SWIFT_COMPILATION_MODE = wholemodule;
				SWIFT_OPTIMIZATION_LEVEL = "-O";
				VALIDATE_PRODUCT = YES;
			};
			name = Release;
		};
		6FE6E5EC20ABE4960019759E /* Debug */ = {
			isa = XCBuildConfiguration;
			buildSettings = {
				ASSETCATALOG_COMPILER_APPICON_NAME = AppIcon;
				CODE_SIGN_STYLE = Manual;
				DEVELOPMENT_TEAM = "";
				INFOPLIST_FILE = EatIt/Info.plist;
				LD_RUNPATH_SEARCH_PATHS = (
					"$(inherited)",
					"@executable_path/Frameworks",
				);
				PRODUCT_BUNDLE_IDENTIFIER = com.appkings.EatIt;
				PRODUCT_NAME = "$(TARGET_NAME)";
				PROVISIONING_PROFILE_SPECIFIER = "";
				SWIFT_VERSION = 4.0;
				TARGETED_DEVICE_FAMILY = "1,2";
			};
			name = Debug;
		};
		6FE6E5ED20ABE4960019759E /* Release */ = {
			isa = XCBuildConfiguration;
			buildSettings = {
				ASSETCATALOG_COMPILER_APPICON_NAME = AppIcon;
				CODE_SIGN_STYLE = Manual;
				DEVELOPMENT_TEAM = "";
				INFOPLIST_FILE = EatIt/Info.plist;
				LD_RUNPATH_SEARCH_PATHS = (
					"$(inherited)",
					"@executable_path/Frameworks",
				);
				PRODUCT_BUNDLE_IDENTIFIER = com.appkings.EatIt;
				PRODUCT_NAME = "$(TARGET_NAME)";
				PROVISIONING_PROFILE_SPECIFIER = "";
				SWIFT_VERSION = 4.0;
				TARGETED_DEVICE_FAMILY = "1,2";
			};
			name = Release;
		};
/* End XCBuildConfiguration section */

/* Begin XCConfigurationList section */
		6FE6E5D420ABE4930019759E /* Build configuration list for PBXProject "EatIt" */ = {
			isa = XCConfigurationList;
			buildConfigurations = (
				6FE6E5E920ABE4960019759E /* Debug */,
				6FE6E5EA20ABE4960019759E /* Release */,
			);
			defaultConfigurationIsVisible = 0;
			defaultConfigurationName = Release;
		};
		6FE6E5EB20ABE4960019759E /* Build configuration list for PBXNativeTarget "EatIt" */ = {
			isa = XCConfigurationList;
			buildConfigurations = (
				6FE6E5EC20ABE4960019759E /* Debug */,
				6FE6E5ED20ABE4960019759E /* Release */,
			);
			defaultConfigurationIsVisible = 0;
			defaultConfigurationName = Release;
		};
/* End XCConfigurationList section */
	};
	rootObject = 6FE6E5D120ABE4930019759E /* Project object */;
}
