PODS:
  - Answers (1.4.0):
    - Fabric (~> 1.8.0)
  - ChameleonFramework/Default (2.1.0)
  - ChameleonFramework/Swift (2.1.0):
    - ChameleonFramework/Default
  - Fabric (1.8.2)
  - Realm (3.3.0):
    - Realm/Headers (= 3.3.0)
  - Realm/Headers (3.3.0)
  - RealmSwift (3.3.0):
    - Realm (= 3.3.0)
  - SnapKit (4.2.0)

DEPENDENCIES:
  - Answers
  - ChameleonFramework/Swift (from `https://github.com/ViccAlexander/Chameleon.git`)
  - Fabric
  - Realm
  - RealmSwift
  - SnapKit (~> 4.2.0)

SPEC REPOS:
  https://github.com/cocoapods/specs.git:
    - Answers
    - Fabric
    - Realm
    - RealmSwift
    - SnapKit

EXTERNAL SOURCES:
  ChameleonFramework:
    :git: https://github.com/ViccAlexander/Chameleon.git

CHECKOUT OPTIONS:
  ChameleonFramework:
    :commit: 6dd284bde21ea2e7f9fd89bc36f40df16e16369d
    :git: https://github.com/ViccAlexander/Chameleon.git

SPEC CHECKSUMS:
  Answers: e7317ccd30e7bf55c3bacfe28adbe2304b082e49
  ChameleonFramework: d21a3cc247abfe5e37609a283a8238b03575cf64
  Fabric: d2b22f443ba195d8a7cc204da230977c72733b40
  Realm: 7d74ad6c5020432f58fe5e1df90bb6d97b2c7fef
  RealmSwift: b2fa31a09c22e246026766557405505eeaad2b01
  SnapKit: fe8a619752f3f27075cc9a90244d75c6c3f27e2a

PODFILE CHECKSUM: 079a7aa911cb85aec13d4a51bc8ad397bd516edf

COCOAPODS: 1.5.3
